{
  "version": 4,
  "terraform_version": "0.12.29",
  "serial": 4,
  "lineage": "652ddef9-7c85-1928-9c11-2214ed36b4f6",
  "outputs": {},
  "resources": [
    {
      "mode": "managed",
      "type": "azurerm_app_service",
      "name": "WebSiteappService",
      "provider": "provider.azurerm",
      "instances": [
        {
          "schema_version": 0,
          "attributes": {
            "app_service_plan_id": "/subscriptions/38b7af96-512e-40a5-82aa-45217dc88af9/resourceGroups/adventistclujro-azscluj-RG/providers/Microsoft.Web/serverfarms/adventistclujro-ServicePlan-azscluj",
            "app_settings": {
              "SOME_KEY": "some-value"
            },
            "auth_settings": [
              {
                "active_directory": [],
                "additional_login_params": {},
                "allowed_external_redirect_urls": [],
                "default_provider": "",
                "enabled": false,
                "facebook": [],
                "google": [],
                "issuer": "",
                "microsoft": [],
                "runtime_version": "",
                "token_refresh_extension_hours": 0,
                "token_store_enabled": false,
                "twitter": [],
                "unauthenticated_client_action": ""
              }
            ],
            "backup": [],
            "client_affinity_enabled": true,
            "client_cert_enabled": false,
            "connection_string": [
              {
                "name": "Database",
                "type": "Custom",
                "value": "NoConnectionStringNeededYet"
              }
            ],
            "default_site_hostname": "adventistclujro-appservice.azurewebsites.net",
            "enabled": true,
            "https_only": false,
            "id": "/subscriptions/38b7af96-512e-40a5-82aa-45217dc88af9/resourceGroups/adventistclujro-azscluj-RG/providers/Microsoft.Web/sites/adventistclujro-AppService",
            "identity": [],
            "location": "germanywestcentral",
            "logs": [
              {
                "application_logs": [
                  {
                    "azure_blob_storage": []
                  }
                ],
                "http_logs": [
                  {
                    "azure_blob_storage": [],
                    "file_system": []
                  }
                ]
              }
            ],
            "name": "adventistclujro-AppService",
            "outbound_ip_addresses": "51.116.128.150,51.116.132.138,51.116.132.172,51.116.132.180,51.116.132.200,51.116.132.205",
            "possible_outbound_ip_addresses": "51.116.128.150,51.116.132.138,51.116.132.172,51.116.132.180,51.116.132.200,51.116.132.205,51.116.132.231,51.116.132.237,51.116.132.196,51.116.132.197,51.116.132.238,51.116.132.239",
            "resource_group_name": "adventistclujro-azscluj-RG",
            "site_config": [
              {
                "always_on": false,
                "app_command_line": "",
                "auto_swap_slot_name": "",
                "cors": [
                  {
                    "allowed_origins": [],
                    "support_credentials": false
                  }
                ],
                "default_documents": null,
                "dotnet_framework_version": "v4.0",
                "ftps_state": "AllAllowed",
                "http2_enabled": false,
                "ip_restriction": [],
                "java_container": "",
                "java_container_version": "",
                "java_version": "",
                "linux_fx_version": "NODE|12.9",
                "local_mysql_enabled": false,
                "managed_pipeline_mode": "Integrated",
                "min_tls_version": "1.2",
                "php_version": "",
                "python_version": "",
                "remote_debugging_enabled": false,
                "remote_debugging_version": "VS2019",
                "scm_type": "None",
                "use_32_bit_worker_process": false,
                "websockets_enabled": false,
                "windows_fx_version": ""
              }
            ],
            "site_credential": [
              {
                "password": "tYclJk3uhKErvHnRrrZKtziphZNRxH51hdc8aoX6LogpB2v4ofogFMPTZie7",
                "username": "$adventistclujro-AppService"
              }
            ],
            "source_control": [
              {
                "branch": "master",
                "repo_url": ""
              }
            ],
            "storage_account": [],
            "tags": null,
            "timeouts": null
          },
          "private": "eyJlMmJmYjczMC1lY2FhLTExZTYtOGY4OC0zNDM2M2JjN2M0YzAiOnsiY3JlYXRlIjoxODAwMDAwMDAwMDAwLCJkZWxldGUiOjE4MDAwMDAwMDAwMDAsInJlYWQiOjMwMDAwMDAwMDAwMCwidXBkYXRlIjoxODAwMDAwMDAwMDAwfX0=",
          "dependencies": [
            "azurerm_app_service_plan.WebSitesServicePlan",
            "azurerm_resource_group.EnvironmentResource"
          ]
        }
      ]
    },
    {
      "mode": "managed",
      "type": "azurerm_app_service_plan",
      "name": "WebSitesServicePlan",
      "provider": "provider.azurerm",
      "instances": [
        {
          "schema_version": 0,
          "attributes": {
            "app_service_environment_id": "",
            "id": "/subscriptions/38b7af96-512e-40a5-82aa-45217dc88af9/resourceGroups/adventistclujro-azscluj-RG/providers/Microsoft.Web/serverfarms/adventistclujro-ServicePlan-azscluj",
            "is_xenon": false,
            "kind": "linux",
            "location": "germanywestcentral",
            "maximum_elastic_worker_count": 1,
            "maximum_number_of_workers": 3,
            "name": "adventistclujro-ServicePlan-azscluj",
            "per_site_scaling": false,
            "reserved": true,
            "resource_group_name": "adventistclujro-azscluj-RG",
            "sku": [
              {
                "capacity": 1,
                "size": "B1",
                "tier": "Basic"
              }
            ],
            "tags": null,
            "timeouts": null
          },
          "private": "eyJlMmJmYjczMC1lY2FhLTExZTYtOGY4OC0zNDM2M2JjN2M0YzAiOnsiY3JlYXRlIjozNjAwMDAwMDAwMDAwLCJkZWxldGUiOjM2MDAwMDAwMDAwMDAsInJlYWQiOjMwMDAwMDAwMDAwMCwidXBkYXRlIjozNjAwMDAwMDAwMDAwfX0=",
          "dependencies": [
            "azurerm_resource_group.EnvironmentResource"
          ]
        }
      ]
    },
    {
      "mode": "managed",
      "type": "azurerm_resource_group",
      "name": "EnvironmentResource",
      "provider": "provider.azurerm",
      "instances": [
        {
          "schema_version": 0,
          "attributes": {
            "id": "/subscriptions/38b7af96-512e-40a5-82aa-45217dc88af9/resourceGroups/adventistclujro-azscluj-RG",
            "location": "germanywestcentral",
            "name": "adventistclujro-azscluj-RG",
            "tags": null,
            "timeouts": null
          },
          "private": "eyJlMmJmYjczMC1lY2FhLTExZTYtOGY4OC0zNDM2M2JjN2M0YzAiOnsiY3JlYXRlIjo1NDAwMDAwMDAwMDAwLCJkZWxldGUiOjU0MDAwMDAwMDAwMDAsInJlYWQiOjMwMDAwMDAwMDAwMCwidXBkYXRlIjo1NDAwMDAwMDAwMDAwfX0="
        }
      ]
    }
  ]
}
